
Microsoft Visual Studio Solution File, Format Version 12.00
# Visual Studio Version 16
VisualStudioVersion = 16.0.31005.135
MinimumVisualStudioVersion = 10.0.40219.1
Project("{9A19103F-16F7-4668-BE54-9A1E7A4F7556}") = "CSharp_053505_Gerashchenko_Lab11", "CSharp_053505_Gerashchenko_Lab11\CSharp_053505_Gerashchenko_Lab11.csproj", "{8E9544F7-E525-468F-A172-10D51975BE43}"
EndProject
Project("{FAE04EC0-301F-11D3-BF4B-00C04F79EFBC}") = "Integral", "Integral\Integral.csproj", "{3346E19B-F1D8-4B98-B3CF-11D40AAA4F18}"
EndProject
Project("{FAE04EC0-301F-11D3-BF4B-00C04F79EFBC}") = "StreamService", "StreamService\StreamService.csproj", "{11482B3D-D8CD-4549-9773-A4014115279B}"
EndProject
Global
	GlobalSection(SolutionConfigurationPlatforms) = preSolution
		Debug|Any CPU = Debug|Any CPU
		Release|Any CPU = Release|Any CPU
	EndGlobalSection
	GlobalSection(ProjectConfigurationPlatforms) = postSolution
		{8E9544F7-E525-468F-A172-10D51975BE43}.Debug|Any CPU.ActiveCfg = Debug|Any CPU
		{8E9544F7-E525-468F-A172-10D51975BE43}.Debug|Any CPU.Build.0 = Debug|Any CPU
		{8E9544F7-E525-468F-A172-10D51975BE43}.Release|Any CPU.ActiveCfg = Release|Any CPU
		{8E9544F7-E525-468F-A172-10D51975BE43}.Release|Any CPU.Build.0 = Release|Any CPU
		{3346E19B-F1D8-4B98-B3CF-11D40AAA4F18}.Debug|Any CPU.ActiveCfg = Debug|Any CPU
		{3346E19B-F1D8-4B98-B3CF-11D40AAA4F18}.Debug|Any CPU.Build.0 = Debug|Any CPU
		{3346E19B-F1D8-4B98-B3CF-11D40AAA4F18}.Release|Any CPU.ActiveCfg = Release|Any CPU
		{3346E19B-F1D8-4B98-B3CF-11D40AAA4F18}.Release|Any CPU.Build.0 = Release|Any CPU
		{11482B3D-D8CD-4549-9773-A4014115279B}.Debug|Any CPU.ActiveCfg = Debug|Any CPU
		{11482B3D-D8CD-4549-9773-A4014115279B}.Debug|Any CPU.Build.0 = Debug|Any CPU
		{11482B3D-D8CD-4549-9773-A4014115279B}.Release|Any CPU.ActiveCfg = Release|Any CPU
		{11482B3D-D8CD-4549-9773-A4014115279B}.Release|Any CPU.Build.0 = Release|Any CPU
	EndGlobalSection
	GlobalSection(SolutionProperties) = preSolution
		HideSolutionNode = FALSE
	EndGlobalSection
	GlobalSection(ExtensibilityGlobals) = postSolution
		SolutionGuid = {5BAE580F-2EA8-4AC0-8888-6507400C9D4A}
	EndGlobalSection
EndGlobal
